
Microsoft Visual Studio Solution File, Format Version 12.00
# Visual Studio Version 17
VisualStudioVersion = 17.14.36109.1
MinimumVisualStudioVersion = 10.0.40219.1
Project("{2150E333-8FDC-42A3-9474-1A3956D46DE8}") = "3.FrameWorks And Drivers", "3.FrameWorks And Drivers", "{02EA681E-C7D8-13C7-8484-4AC65E1B71E8}"
EndProject
Project("{2150E333-8FDC-42A3-9474-1A3956D46DE8}") = "2.Interface Adapter", "2.Interface Adapter", "{F395CC12-0BDF-4392-97B9-9ABB222A5728}"
EndProject
Project("{2150E333-8FDC-42A3-9474-1A3956D46DE8}") = "1.Application Businness Rules", "1.Application Businness Rules", "{7C9CFA49-D8EB-4ACF-B90B-3E0D76263285}"
EndProject
Project("{FAE04EC0-301F-11D3-BF4B-00C04F79EFBC}") = "ActivitiesAPI", "ActivitiesAPI\ActivitiesAPI.csproj", "{6C499029-0AEB-470D-BB46-488F46465511}"
EndProject
Project("{FAE04EC0-301F-11D3-BF4B-00C04F79EFBC}") = "Activities.Entities", "Activities.Entities\Activities.Entities.csproj", "{699E42B4-EF8A-4B14-883C-2D673A825E44}"
EndProject
Project("{2150E333-8FDC-42A3-9474-1A3956D46DE8}") = "BackendServices", "BackendServices", "{63C850C1-75A6-42B6-A3DC-A4CE6F517D1B}"
EndProject
Project("{FAE04EC0-301F-11D3-BF4B-00C04F79EFBC}") = "Activities.DependencyInversion", "Activities.DependencyInversion\Activities.DependencyInversion.csproj", "{1A8AEF85-D3B5-4B79-81C0-E979EDC9FF63}"
EndProject
Project("{FAE04EC0-301F-11D3-BF4B-00C04F79EFBC}") = "Activities.Interactors", "Activities.Interactors\Activities.Interactors.csproj", "{E93E0DFE-8A9A-44F7-BDC2-0C70CB08D528}"
EndProject
Project("{2150E333-8FDC-42A3-9474-1A3956D46DE8}") = "Gateways", "Gateways", "{A98D87A4-921C-4243-8AFE-0A3C2B9D2298}"
EndProject
Project("{2150E333-8FDC-42A3-9474-1A3956D46DE8}") = "Repositories", "Repositories", "{D614BAB5-065A-46BF-8A25-C749B0D14D7B}"
EndProject
Project("{FAE04EC0-301F-11D3-BF4B-00C04F79EFBC}") = "Activities.Repository", "Activities.Repository\Activities.Repository.csproj", "{F70DF43B-163F-4F45-BFB8-D2E75EA3A382}"
EndProject
Project("{2150E333-8FDC-42A3-9474-1A3956D46DE8}") = "Controllers", "Controllers", "{71C0798B-9487-477C-8955-FFDB6A9E2253}"
EndProject
Project("{FAE04EC0-301F-11D3-BF4B-00C04F79EFBC}") = "Activities.Controllers", "Activities.Controllers\Activities.Controllers.csproj", "{69BF68A3-6D8A-41B0-8FD8-8D8DBA78F7AB}"
EndProject
Project("{FAE04EC0-301F-11D3-BF4B-00C04F79EFBC}") = "Activities.Abstractions", "Activities.Abstractions\Activities.Abstractions.csproj", "{E2BCF85A-28C8-4B52-AD1A-9F510E8447D1}"
EndProject
Global
	GlobalSection(SolutionConfigurationPlatforms) = preSolution
		Debug|Any CPU = Debug|Any CPU
		Release|Any CPU = Release|Any CPU
	EndGlobalSection
	GlobalSection(ProjectConfigurationPlatforms) = postSolution
		{6C499029-0AEB-470D-BB46-488F46465511}.Debug|Any CPU.ActiveCfg = Debug|Any CPU
		{6C499029-0AEB-470D-BB46-488F46465511}.Debug|Any CPU.Build.0 = Debug|Any CPU
		{6C499029-0AEB-470D-BB46-488F46465511}.Release|Any CPU.ActiveCfg = Release|Any CPU
		{6C499029-0AEB-470D-BB46-488F46465511}.Release|Any CPU.Build.0 = Release|Any CPU
		{699E42B4-EF8A-4B14-883C-2D673A825E44}.Debug|Any CPU.ActiveCfg = Debug|Any CPU
		{699E42B4-EF8A-4B14-883C-2D673A825E44}.Debug|Any CPU.Build.0 = Debug|Any CPU
		{699E42B4-EF8A-4B14-883C-2D673A825E44}.Release|Any CPU.ActiveCfg = Release|Any CPU
		{699E42B4-EF8A-4B14-883C-2D673A825E44}.Release|Any CPU.Build.0 = Release|Any CPU
		{1A8AEF85-D3B5-4B79-81C0-E979EDC9FF63}.Debug|Any CPU.ActiveCfg = Debug|Any CPU
		{1A8AEF85-D3B5-4B79-81C0-E979EDC9FF63}.Debug|Any CPU.Build.0 = Debug|Any CPU
		{1A8AEF85-D3B5-4B79-81C0-E979EDC9FF63}.Release|Any CPU.ActiveCfg = Release|Any CPU
		{1A8AEF85-D3B5-4B79-81C0-E979EDC9FF63}.Release|Any CPU.Build.0 = Release|Any CPU
		{E93E0DFE-8A9A-44F7-BDC2-0C70CB08D528}.Debug|Any CPU.ActiveCfg = Debug|Any CPU
		{E93E0DFE-8A9A-44F7-BDC2-0C70CB08D528}.Debug|Any CPU.Build.0 = Debug|Any CPU
		{E93E0DFE-8A9A-44F7-BDC2-0C70CB08D528}.Release|Any CPU.ActiveCfg = Release|Any CPU
		{E93E0DFE-8A9A-44F7-BDC2-0C70CB08D528}.Release|Any CPU.Build.0 = Release|Any CPU
		{F70DF43B-163F-4F45-BFB8-D2E75EA3A382}.Debug|Any CPU.ActiveCfg = Debug|Any CPU
		{F70DF43B-163F-4F45-BFB8-D2E75EA3A382}.Debug|Any CPU.Build.0 = Debug|Any CPU
		{F70DF43B-163F-4F45-BFB8-D2E75EA3A382}.Release|Any CPU.ActiveCfg = Release|Any CPU
		{F70DF43B-163F-4F45-BFB8-D2E75EA3A382}.Release|Any CPU.Build.0 = Release|Any CPU
		{69BF68A3-6D8A-41B0-8FD8-8D8DBA78F7AB}.Debug|Any CPU.ActiveCfg = Debug|Any CPU
		{69BF68A3-6D8A-41B0-8FD8-8D8DBA78F7AB}.Debug|Any CPU.Build.0 = Debug|Any CPU
		{69BF68A3-6D8A-41B0-8FD8-8D8DBA78F7AB}.Release|Any CPU.ActiveCfg = Release|Any CPU
		{69BF68A3-6D8A-41B0-8FD8-8D8DBA78F7AB}.Release|Any CPU.Build.0 = Release|Any CPU
		{E2BCF85A-28C8-4B52-AD1A-9F510E8447D1}.Debug|Any CPU.ActiveCfg = Debug|Any CPU
		{E2BCF85A-28C8-4B52-AD1A-9F510E8447D1}.Debug|Any CPU.Build.0 = Debug|Any CPU
		{E2BCF85A-28C8-4B52-AD1A-9F510E8447D1}.Release|Any CPU.ActiveCfg = Release|Any CPU
		{E2BCF85A-28C8-4B52-AD1A-9F510E8447D1}.Release|Any CPU.Build.0 = Release|Any CPU
	EndGlobalSection
	GlobalSection(SolutionProperties) = preSolution
		HideSolutionNode = FALSE
	EndGlobalSection
	GlobalSection(NestedProjects) = preSolution
		{6C499029-0AEB-470D-BB46-488F46465511} = {02EA681E-C7D8-13C7-8484-4AC65E1B71E8}
		{699E42B4-EF8A-4B14-883C-2D673A825E44} = {7C9CFA49-D8EB-4ACF-B90B-3E0D76263285}
		{63C850C1-75A6-42B6-A3DC-A4CE6F517D1B} = {F395CC12-0BDF-4392-97B9-9ABB222A5728}
		{1A8AEF85-D3B5-4B79-81C0-E979EDC9FF63} = {63C850C1-75A6-42B6-A3DC-A4CE6F517D1B}
		{E93E0DFE-8A9A-44F7-BDC2-0C70CB08D528} = {7C9CFA49-D8EB-4ACF-B90B-3E0D76263285}
		{A98D87A4-921C-4243-8AFE-0A3C2B9D2298} = {F395CC12-0BDF-4392-97B9-9ABB222A5728}
		{D614BAB5-065A-46BF-8A25-C749B0D14D7B} = {A98D87A4-921C-4243-8AFE-0A3C2B9D2298}
		{F70DF43B-163F-4F45-BFB8-D2E75EA3A382} = {D614BAB5-065A-46BF-8A25-C749B0D14D7B}
		{71C0798B-9487-477C-8955-FFDB6A9E2253} = {F395CC12-0BDF-4392-97B9-9ABB222A5728}
		{69BF68A3-6D8A-41B0-8FD8-8D8DBA78F7AB} = {71C0798B-9487-477C-8955-FFDB6A9E2253}
		{E2BCF85A-28C8-4B52-AD1A-9F510E8447D1} = {7C9CFA49-D8EB-4ACF-B90B-3E0D76263285}
	EndGlobalSection
	GlobalSection(ExtensibilityGlobals) = postSolution
		SolutionGuid = {7E51E410-2ACB-42CD-9558-DB5266544D0B}
	EndGlobalSection
EndGlobal
