
Microsoft Visual Studio Solution File, Format Version 12.00
# Visual Studio Version 17
VisualStudioVersion = 17.0.31903.59
MinimumVisualStudioVersion = 10.0.40219.1
Project("{FAE04EC0-301F-11D3-BF4B-00C04F79EFBC}") = "TaskManagerAPI", "TaskManagerAPI\TaskManagerAPI.csproj", "{30E75BA5-296B-4724-BA8C-44F99C33F236}"
EndProject
Global
	GlobalSection(SolutionConfigurationPlatforms) = preSolution
		Debug|Any CPU = Debug|Any CPU
		Release|Any CPU = Release|Any CPU
	EndGlobalSection
	GlobalSection(ProjectConfigurationPlatforms) = postSolution
		{30E75BA5-296B-4724-BA8C-44F99C33F236}.Debug|Any CPU.ActiveCfg = Debug|Any CPU
		{30E75BA5-296B-4724-BA8C-44F99C33F236}.Debug|Any CPU.Build.0 = Debug|Any CPU
		{30E75BA5-296B-4724-BA8C-44F99C33F236}.Release|Any CPU.ActiveCfg = Release|Any CPU
		{30E75BA5-296B-4724-BA8C-44F99C33F236}.Release|Any CPU.Build.0 = Release|Any CPU
	EndGlobalSection
	GlobalSection(SolutionProperties) = preSolution
		HideSolutionNode = FALSE
	EndGlobalSection
	GlobalSection(ExtensibilityGlobals) = postSolution
		SolutionGuid = {3B006071-BADB-4F9B-89AC-EAF5DE133C89}
	EndGlobalSection
EndGlobal
