
Microsoft Visual Studio Solution File, Format Version 12.00
# Visual Studio Version 17
VisualStudioVersion = 17.0.31903.59
MinimumVisualStudioVersion = 10.0.40219.1
Project("{FAE04EC0-301F-11D3-BF4B-00C04F79EFBC}") = "Entidades", "Entidades\Entidades.csproj", "{993508E3-3B65-48D7-87A1-DEF160A44A4F}"
EndProject
Project("{FAE04EC0-301F-11D3-BF4B-00C04F79EFBC}") = "UseCases", "UseCases\UseCases.csproj", "{556729A6-0B0E-47A6-8FB6-AB48184B2F29}"
EndProject
Project("{FAE04EC0-301F-11D3-BF4B-00C04F79EFBC}") = "TaskManagerAPI", "TaskManagerAPI\TaskManagerAPI.csproj", "{30E75BA5-296B-4724-BA8C-44F99C33F236}"
EndProject
Global
	GlobalSection(SolutionConfigurationPlatforms) = preSolution
		Debug|Any CPU = Debug|Any CPU
		Release|Any CPU = Release|Any CPU
	EndGlobalSection
	GlobalSection(ProjectConfigurationPlatforms) = postSolution
		{993508E3-3B65-48D7-87A1-DEF160A44A4F}.Debug|Any CPU.ActiveCfg = Debug|Any CPU
		{993508E3-3B65-48D7-87A1-DEF160A44A4F}.Debug|Any CPU.Build.0 = Debug|Any CPU
		{993508E3-3B65-48D7-87A1-DEF160A44A4F}.Release|Any CPU.ActiveCfg = Release|Any CPU
		{993508E3-3B65-48D7-87A1-DEF160A44A4F}.Release|Any CPU.Build.0 = Release|Any CPU
		{556729A6-0B0E-47A6-8FB6-AB48184B2F29}.Debug|Any CPU.ActiveCfg = Debug|Any CPU
		{556729A6-0B0E-47A6-8FB6-AB48184B2F29}.Debug|Any CPU.Build.0 = Debug|Any CPU
		{556729A6-0B0E-47A6-8FB6-AB48184B2F29}.Release|Any CPU.ActiveCfg = Release|Any CPU
		{556729A6-0B0E-47A6-8FB6-AB48184B2F29}.Release|Any CPU.Build.0 = Release|Any CPU
		{30E75BA5-296B-4724-BA8C-44F99C33F236}.Debug|Any CPU.ActiveCfg = Debug|Any CPU
		{30E75BA5-296B-4724-BA8C-44F99C33F236}.Debug|Any CPU.Build.0 = Debug|Any CPU
		{30E75BA5-296B-4724-BA8C-44F99C33F236}.Release|Any CPU.ActiveCfg = Release|Any CPU
		{30E75BA5-296B-4724-BA8C-44F99C33F236}.Release|Any CPU.Build.0 = Release|Any CPU
	EndGlobalSection
	GlobalSection(SolutionProperties) = preSolution
		HideSolutionNode = FALSE
	EndGlobalSection
	GlobalSection(ExtensibilityGlobals) = postSolution
		SolutionGuid = {3B006071-BADB-4F9B-89AC-EAF5DE133C89}
	EndGlobalSection
EndGlobal
